
Microsoft Visual Studio Solution File, Format Version 12.00
# Visual Studio 15
VisualStudioVersion = 15.0.28307.1231
MinimumVisualStudioVersion = 10.0.40219.1
Project("{FAE04EC0-301F-11D3-BF4B-00C04F79EFBC}") = "MyShop.Core", "MyShop.Core\MyShop.Core.csproj", "{2E4CFA7F-78CC-4354-AECA-67F706DF8FB8}"
EndProject
Project("{FAE04EC0-301F-11D3-BF4B-00C04F79EFBC}") = "MyShop.Services", "MyShop.Services\MyShop.Services.csproj", "{C71F83BD-1989-42BB-A3FB-1B6858EBBD49}"
EndProject
Project("{FAE04EC0-301F-11D3-BF4B-00C04F79EFBC}") = "MyShop.DataAccess.SQL", "MyShop.DataAccess.SQL\MyShop.DataAccess.SQL.csproj", "{6361A3EB-C95D-406B-A257-EED28F7DC035}"
EndProject
Project("{FAE04EC0-301F-11D3-BF4B-00C04F79EFBC}") = "MyShop.DataAccess.InMemory", "MyShop.DataAccess.InMemory\MyShop.DataAccess.InMemory.csproj", "{0D360432-E556-4CF2-974D-CA2650C6F46F}"
EndProject
Project("{FAE04EC0-301F-11D3-BF4B-00C04F79EFBC}") = "MyShop.WebUI", "MyShop.WebUI\MyShop.WebUI.csproj", "{953B4EE5-C6B8-43E8-A191-309021ECBCB3}"
EndProject
Project("{FAE04EC0-301F-11D3-BF4B-00C04F79EFBC}") = "MyShop.WebUI.Tests", "MyShop.WebUI.Tests\MyShop.WebUI.Tests.csproj", "{E1B11D13-1A76-40B9-995D-F40FC3823CBC}"
EndProject
Global
	GlobalSection(SolutionConfigurationPlatforms) = preSolution
		Debug|Any CPU = Debug|Any CPU
		Release|Any CPU = Release|Any CPU
	EndGlobalSection
	GlobalSection(ProjectConfigurationPlatforms) = postSolution
		{2E4CFA7F-78CC-4354-AECA-67F706DF8FB8}.Debug|Any CPU.ActiveCfg = Debug|Any CPU
		{2E4CFA7F-78CC-4354-AECA-67F706DF8FB8}.Debug|Any CPU.Build.0 = Debug|Any CPU
		{2E4CFA7F-78CC-4354-AECA-67F706DF8FB8}.Release|Any CPU.ActiveCfg = Release|Any CPU
		{2E4CFA7F-78CC-4354-AECA-67F706DF8FB8}.Release|Any CPU.Build.0 = Release|Any CPU
		{C71F83BD-1989-42BB-A3FB-1B6858EBBD49}.Debug|Any CPU.ActiveCfg = Debug|Any CPU
		{C71F83BD-1989-42BB-A3FB-1B6858EBBD49}.Debug|Any CPU.Build.0 = Debug|Any CPU
		{C71F83BD-1989-42BB-A3FB-1B6858EBBD49}.Release|Any CPU.ActiveCfg = Release|Any CPU
		{C71F83BD-1989-42BB-A3FB-1B6858EBBD49}.Release|Any CPU.Build.0 = Release|Any CPU
		{6361A3EB-C95D-406B-A257-EED28F7DC035}.Debug|Any CPU.ActiveCfg = Debug|Any CPU
		{6361A3EB-C95D-406B-A257-EED28F7DC035}.Debug|Any CPU.Build.0 = Debug|Any CPU
		{6361A3EB-C95D-406B-A257-EED28F7DC035}.Release|Any CPU.ActiveCfg = Release|Any CPU
		{6361A3EB-C95D-406B-A257-EED28F7DC035}.Release|Any CPU.Build.0 = Release|Any CPU
		{0D360432-E556-4CF2-974D-CA2650C6F46F}.Debug|Any CPU.ActiveCfg = Debug|Any CPU
		{0D360432-E556-4CF2-974D-CA2650C6F46F}.Debug|Any CPU.Build.0 = Debug|Any CPU
		{0D360432-E556-4CF2-974D-CA2650C6F46F}.Release|Any CPU.ActiveCfg = Release|Any CPU
		{0D360432-E556-4CF2-974D-CA2650C6F46F}.Release|Any CPU.Build.0 = Release|Any CPU
		{953B4EE5-C6B8-43E8-A191-309021ECBCB3}.Debug|Any CPU.ActiveCfg = Debug|Any CPU
		{953B4EE5-C6B8-43E8-A191-309021ECBCB3}.Debug|Any CPU.Build.0 = Debug|Any CPU
		{953B4EE5-C6B8-43E8-A191-309021ECBCB3}.Release|Any CPU.ActiveCfg = Release|Any CPU
		{953B4EE5-C6B8-43E8-A191-309021ECBCB3}.Release|Any CPU.Build.0 = Release|Any CPU
		{E1B11D13-1A76-40B9-995D-F40FC3823CBC}.Debug|Any CPU.ActiveCfg = Debug|Any CPU
		{E1B11D13-1A76-40B9-995D-F40FC3823CBC}.Debug|Any CPU.Build.0 = Debug|Any CPU
		{E1B11D13-1A76-40B9-995D-F40FC3823CBC}.Release|Any CPU.ActiveCfg = Release|Any CPU
		{E1B11D13-1A76-40B9-995D-F40FC3823CBC}.Release|Any CPU.Build.0 = Release|Any CPU
	EndGlobalSection
	GlobalSection(SolutionProperties) = preSolution
		HideSolutionNode = FALSE
	EndGlobalSection
	GlobalSection(ExtensibilityGlobals) = postSolution
		SolutionGuid = {5A97081B-9FFB-489E-94A2-C182E7910E66}
	EndGlobalSection
EndGlobal
